
Microsoft Visual Studio Solution File, Format Version 12.00
# Visual Studio Version 16
VisualStudioVersion = 16.0.30804.86
MinimumVisualStudioVersion = 10.0.40219.1
Project("{FAE04EC0-301F-11D3-BF4B-00C04F79EFBC}") = "LINQ-Lambda", "LINQ-Lambda\LINQ-Lambda.csproj", "{E0CA5FBD-5AF4-4B48-91BC-ADF16FFDA353}"
EndProject
Global
	GlobalSection(SolutionConfigurationPlatforms) = preSolution
		Debug|Any CPU = Debug|Any CPU
		Release|Any CPU = Release|Any CPU
	EndGlobalSection
	GlobalSection(ProjectConfigurationPlatforms) = postSolution
		{E0CA5FBD-5AF4-4B48-91BC-ADF16FFDA353}.Debug|Any CPU.ActiveCfg = Debug|Any CPU
		{E0CA5FBD-5AF4-4B48-91BC-ADF16FFDA353}.Debug|Any CPU.Build.0 = Debug|Any CPU
		{E0CA5FBD-5AF4-4B48-91BC-ADF16FFDA353}.Release|Any CPU.ActiveCfg = Release|Any CPU
		{E0CA5FBD-5AF4-4B48-91BC-ADF16FFDA353}.Release|Any CPU.Build.0 = Release|Any CPU
	EndGlobalSection
	GlobalSection(SolutionProperties) = preSolution
		HideSolutionNode = FALSE
	EndGlobalSection
	GlobalSection(ExtensibilityGlobals) = postSolution
		SolutionGuid = {4FC0BEB6-AC53-461C-85AB-05F00F0D5304}
	EndGlobalSection
EndGlobal
